
Microsoft Visual Studio Solution File, Format Version 12.00
# Visual Studio 2013
VisualStudioVersion = 12.0.31101.0
MinimumVisualStudioVersion = 10.0.40219.1
Project("{2150E333-8FDC-42A3-9474-1A3956D46DE8}") = "SQL Scripts", "SQL Scripts", "{08784704-8785-4D23-8896-D934A8750E30}"
	ProjectSection(SolutionItems) = preProject
		db creation.sql = db creation.sql
	EndProjectSection
EndProject
Project("{FAE04EC0-301F-11D3-BF4B-00C04F79EFBC}") = "Solution.Entities", "Solution.Entities\Solution.Entities.csproj", "{DE30F050-439F-411C-B6E5-A53B7FB355F4}"
EndProject
Project("{FAE04EC0-301F-11D3-BF4B-00C04F79EFBC}") = "Solution.DAL", "Solution.DAL\Solution.DAL.csproj", "{B4C87D8F-5550-4C2B-A369-0321689A06AB}"
EndProject
Project("{FAE04EC0-301F-11D3-BF4B-00C04F79EFBC}") = "Solution.Service", "Solution.Service\Solution.Service.csproj", "{C3005F7F-E43B-4488-888E-B22FCC572E0F}"
EndProject
Project("{FAE04EC0-301F-11D3-BF4B-00C04F79EFBC}") = "Solution.WebAPI", "Solution.WebAPI\Solution.WebAPI.csproj", "{DF2C4D79-6942-4B4A-BEAB-AA7167182D5B}"
EndProject
Project("{FAE04EC0-301F-11D3-BF4B-00C04F79EFBC}") = "Test", "Test\Test.csproj", "{0DFCD31F-4759-469A-8504-C6C70A8CB213}"
EndProject
Global
	GlobalSection(SolutionConfigurationPlatforms) = preSolution
		Debug|Any CPU = Debug|Any CPU
		Release|Any CPU = Release|Any CPU
	EndGlobalSection
	GlobalSection(ProjectConfigurationPlatforms) = postSolution
		{DE30F050-439F-411C-B6E5-A53B7FB355F4}.Debug|Any CPU.ActiveCfg = Debug|Any CPU
		{DE30F050-439F-411C-B6E5-A53B7FB355F4}.Debug|Any CPU.Build.0 = Debug|Any CPU
		{DE30F050-439F-411C-B6E5-A53B7FB355F4}.Release|Any CPU.ActiveCfg = Release|Any CPU
		{DE30F050-439F-411C-B6E5-A53B7FB355F4}.Release|Any CPU.Build.0 = Release|Any CPU
		{B4C87D8F-5550-4C2B-A369-0321689A06AB}.Debug|Any CPU.ActiveCfg = Debug|Any CPU
		{B4C87D8F-5550-4C2B-A369-0321689A06AB}.Debug|Any CPU.Build.0 = Debug|Any CPU
		{B4C87D8F-5550-4C2B-A369-0321689A06AB}.Release|Any CPU.ActiveCfg = Release|Any CPU
		{B4C87D8F-5550-4C2B-A369-0321689A06AB}.Release|Any CPU.Build.0 = Release|Any CPU
		{C3005F7F-E43B-4488-888E-B22FCC572E0F}.Debug|Any CPU.ActiveCfg = Debug|Any CPU
		{C3005F7F-E43B-4488-888E-B22FCC572E0F}.Debug|Any CPU.Build.0 = Debug|Any CPU
		{C3005F7F-E43B-4488-888E-B22FCC572E0F}.Release|Any CPU.ActiveCfg = Release|Any CPU
		{C3005F7F-E43B-4488-888E-B22FCC572E0F}.Release|Any CPU.Build.0 = Release|Any CPU
		{DF2C4D79-6942-4B4A-BEAB-AA7167182D5B}.Debug|Any CPU.ActiveCfg = Debug|Any CPU
		{DF2C4D79-6942-4B4A-BEAB-AA7167182D5B}.Debug|Any CPU.Build.0 = Debug|Any CPU
		{DF2C4D79-6942-4B4A-BEAB-AA7167182D5B}.Release|Any CPU.ActiveCfg = Release|Any CPU
		{DF2C4D79-6942-4B4A-BEAB-AA7167182D5B}.Release|Any CPU.Build.0 = Release|Any CPU
		{0DFCD31F-4759-469A-8504-C6C70A8CB213}.Debug|Any CPU.ActiveCfg = Debug|Any CPU
		{0DFCD31F-4759-469A-8504-C6C70A8CB213}.Debug|Any CPU.Build.0 = Debug|Any CPU
		{0DFCD31F-4759-469A-8504-C6C70A8CB213}.Release|Any CPU.ActiveCfg = Release|Any CPU
		{0DFCD31F-4759-469A-8504-C6C70A8CB213}.Release|Any CPU.Build.0 = Release|Any CPU
	EndGlobalSection
	GlobalSection(SolutionProperties) = preSolution
		HideSolutionNode = FALSE
	EndGlobalSection
EndGlobal
